
Microsoft Visual Studio Solution File, Format Version 12.00
# Visual Studio 14
VisualStudioVersion = 14.0.25420.1
MinimumVisualStudioVersion = 10.0.40219.1
Project("{159641D6-6404-4A2A-AE62-294DE0FE8301}") = "Chapter08", "Chapter08.dtproj", "{A19ED356-D56C-400A-B615-1E5D97ADECF6}"
EndProject
Project("{D2ABAB84-BF74-430A-B69E-9DC6D40DDA17}") = "Ch08SSAS", "..\Ch08SSAS\Ch08SSAS.dwproj", "{DE76890C-95A2-4663-8D59-8246792AF9B6}"
EndProject
Project("{D2ABAB84-BF74-430A-B69E-9DC6D40DDA17}") = "Ch08NaiveBayes", "Ch08NaiveBayes\Ch08NaiveBayes.dwproj", "{2815FD0F-08F6-408D-AA32-5CD014A87E26}"
EndProject
Global
	GlobalSection(SolutionConfigurationPlatforms) = preSolution
		Development|Default = Development|Default
	EndGlobalSection
	GlobalSection(ProjectConfigurationPlatforms) = postSolution
		{A19ED356-D56C-400A-B615-1E5D97ADECF6}.Development|Default.ActiveCfg = Development
		{A19ED356-D56C-400A-B615-1E5D97ADECF6}.Development|Default.Build.0 = Development
		{DE76890C-95A2-4663-8D59-8246792AF9B6}.Development|Default.ActiveCfg = Development
		{DE76890C-95A2-4663-8D59-8246792AF9B6}.Development|Default.Build.0 = Development
		{DE76890C-95A2-4663-8D59-8246792AF9B6}.Development|Default.Deploy.0 = Development
		{2815FD0F-08F6-408D-AA32-5CD014A87E26}.Development|Default.ActiveCfg = Development
		{2815FD0F-08F6-408D-AA32-5CD014A87E26}.Development|Default.Build.0 = Development
		{2815FD0F-08F6-408D-AA32-5CD014A87E26}.Development|Default.Deploy.0 = Development
	EndGlobalSection
	GlobalSection(SolutionProperties) = preSolution
		HideSolutionNode = FALSE
	EndGlobalSection
EndGlobal
